
Microsoft Visual Studio Solution File, Format Version 12.00
# Visual Studio Version 17
VisualStudioVersion = 17.4.33213.308
MinimumVisualStudioVersion = 10.0.40219.1
Project("{FAE04EC0-301F-11D3-BF4B-00C04F79EFBC}") = "SimpraOdev", "SimpraOdev\SimpraOdev.csproj", "{6CF6850A-0303-4200-980B-77A3F1D29E90}"
EndProject
Project("{FAE04EC0-301F-11D3-BF4B-00C04F79EFBC}") = "SimpraOdev.Data", "SimpraOdev.Data\SimpraOdev.Data.csproj", "{99B83DA3-C93C-45EA-899B-C622E9E57BDD}"
EndProject
Global
	GlobalSection(SolutionConfigurationPlatforms) = preSolution
		Debug|Any CPU = Debug|Any CPU
		Release|Any CPU = Release|Any CPU
	EndGlobalSection
	GlobalSection(ProjectConfigurationPlatforms) = postSolution
		{6CF6850A-0303-4200-980B-77A3F1D29E90}.Debug|Any CPU.ActiveCfg = Debug|Any CPU
		{6CF6850A-0303-4200-980B-77A3F1D29E90}.Debug|Any CPU.Build.0 = Debug|Any CPU
		{6CF6850A-0303-4200-980B-77A3F1D29E90}.Release|Any CPU.ActiveCfg = Release|Any CPU
		{6CF6850A-0303-4200-980B-77A3F1D29E90}.Release|Any CPU.Build.0 = Release|Any CPU
		{99B83DA3-C93C-45EA-899B-C622E9E57BDD}.Debug|Any CPU.ActiveCfg = Debug|Any CPU
		{99B83DA3-C93C-45EA-899B-C622E9E57BDD}.Debug|Any CPU.Build.0 = Debug|Any CPU
		{99B83DA3-C93C-45EA-899B-C622E9E57BDD}.Release|Any CPU.ActiveCfg = Release|Any CPU
		{99B83DA3-C93C-45EA-899B-C622E9E57BDD}.Release|Any CPU.Build.0 = Release|Any CPU
	EndGlobalSection
	GlobalSection(SolutionProperties) = preSolution
		HideSolutionNode = FALSE
	EndGlobalSection
	GlobalSection(ExtensibilityGlobals) = postSolution
		SolutionGuid = {85BB62B0-8B15-445F-9D2E-8593E4AFC2F1}
	EndGlobalSection
EndGlobal
